
Microsoft Visual Studio Solution File, Format Version 12.00
# Visual Studio 15
VisualStudioVersion = 15.0.28307.168
MinimumVisualStudioVersion = 10.0.40219.1
Project("{FAE04EC0-301F-11D3-BF4B-00C04F79EFBC}") = "homeWork-1", "ConsoleAppTest\homeWork-1.csproj", "{DE0503BF-E681-4F75-A9B3-4B9EC290E3D1}"
EndProject
Global
	GlobalSection(SolutionConfigurationPlatforms) = preSolution
		Debug|Any CPU = Debug|Any CPU
		Release|Any CPU = Release|Any CPU
	EndGlobalSection
	GlobalSection(ProjectConfigurationPlatforms) = postSolution
		{DE0503BF-E681-4F75-A9B3-4B9EC290E3D1}.Debug|Any CPU.ActiveCfg = Debug|Any CPU
		{DE0503BF-E681-4F75-A9B3-4B9EC290E3D1}.Debug|Any CPU.Build.0 = Debug|Any CPU
		{DE0503BF-E681-4F75-A9B3-4B9EC290E3D1}.Release|Any CPU.ActiveCfg = Release|Any CPU
		{DE0503BF-E681-4F75-A9B3-4B9EC290E3D1}.Release|Any CPU.Build.0 = Release|Any CPU
	EndGlobalSection
	GlobalSection(SolutionProperties) = preSolution
		HideSolutionNode = FALSE
	EndGlobalSection
	GlobalSection(ExtensibilityGlobals) = postSolution
		SolutionGuid = {C7DD9F5D-4F55-4580-A7C1-ECA5C42270DC}
	EndGlobalSection
EndGlobal
